
Microsoft Visual Studio Solution File, Format Version 12.00
# Visual Studio 2012
Project("{FAE04EC0-301F-11D3-BF4B-00C04F79EFBC}") = "obstetricsCalender", "obstetricsCalender\obstetricsCalender.csproj", "{3D90549C-E43C-4F45-A35E-D5AB3A7B307E}"
EndProject
Project("{6141683F-8A12-4E36-9623-2EB02B2C2303}") = "Setup6", "Setup6\Setup6.isproj", "{FBC8C36F-85F0-4036-8FE4-6FB707945E8A}"
EndProject
Project("{6141683F-8A12-4E36-9623-2EB02B2C2303}") = "Setup1", "Setup1\Setup1.isproj", "{44B34561-A81C-4E77-857F-6BB2236DBFE1}"
EndProject
Project("{6141683F-8A12-4E36-9623-2EB02B2C2303}") = "Setup2", "Setup2\Setup2.isproj", "{E318C6A6-DBAD-44EA-85F9-7AD653A1D547}"
EndProject
Project("{6141683F-8A12-4E36-9623-2EB02B2C2303}") = "Setup3", "Setup3\Setup3.isproj", "{3C367791-3BEB-4E7B-8593-B229B0A2E548}"
EndProject
Project("{6141683F-8A12-4E36-9623-2EB02B2C2303}") = "Setup4", "Setup4\Setup4.isproj", "{633CB6FC-5ABA-46E6-AE52-E5234AC194D9}"
EndProject
Global
	GlobalSection(SolutionConfigurationPlatforms) = preSolution
		CD_ROM|Any CPU = CD_ROM|Any CPU
		Debug|Any CPU = Debug|Any CPU
		DVD-5|Any CPU = DVD-5|Any CPU
		Release|Any CPU = Release|Any CPU
		SingleImage|Any CPU = SingleImage|Any CPU
	EndGlobalSection
	GlobalSection(ProjectConfigurationPlatforms) = postSolution
		{3D90549C-E43C-4F45-A35E-D5AB3A7B307E}.CD_ROM|Any CPU.ActiveCfg = Release|Any CPU
		{3D90549C-E43C-4F45-A35E-D5AB3A7B307E}.CD_ROM|Any CPU.Build.0 = Release|Any CPU
		{3D90549C-E43C-4F45-A35E-D5AB3A7B307E}.Debug|Any CPU.ActiveCfg = Debug|Any CPU
		{3D90549C-E43C-4F45-A35E-D5AB3A7B307E}.Debug|Any CPU.Build.0 = Debug|Any CPU
		{3D90549C-E43C-4F45-A35E-D5AB3A7B307E}.DVD-5|Any CPU.ActiveCfg = Debug|Any CPU
		{3D90549C-E43C-4F45-A35E-D5AB3A7B307E}.DVD-5|Any CPU.Build.0 = Debug|Any CPU
		{3D90549C-E43C-4F45-A35E-D5AB3A7B307E}.Release|Any CPU.ActiveCfg = Release|Any CPU
		{3D90549C-E43C-4F45-A35E-D5AB3A7B307E}.Release|Any CPU.Build.0 = Release|Any CPU
		{3D90549C-E43C-4F45-A35E-D5AB3A7B307E}.SingleImage|Any CPU.ActiveCfg = Release|Any CPU
		{3D90549C-E43C-4F45-A35E-D5AB3A7B307E}.SingleImage|Any CPU.Build.0 = Release|Any CPU
		{FBC8C36F-85F0-4036-8FE4-6FB707945E8A}.CD_ROM|Any CPU.ActiveCfg = CD_ROM
		{FBC8C36F-85F0-4036-8FE4-6FB707945E8A}.CD_ROM|Any CPU.Build.0 = CD_ROM
		{FBC8C36F-85F0-4036-8FE4-6FB707945E8A}.Debug|Any CPU.ActiveCfg = DVD-5
		{FBC8C36F-85F0-4036-8FE4-6FB707945E8A}.Debug|Any CPU.Build.0 = DVD-5
		{FBC8C36F-85F0-4036-8FE4-6FB707945E8A}.DVD-5|Any CPU.ActiveCfg = DVD-5
		{FBC8C36F-85F0-4036-8FE4-6FB707945E8A}.DVD-5|Any CPU.Build.0 = DVD-5
		{FBC8C36F-85F0-4036-8FE4-6FB707945E8A}.Release|Any CPU.ActiveCfg = SingleImage
		{FBC8C36F-85F0-4036-8FE4-6FB707945E8A}.Release|Any CPU.Build.0 = SingleImage
		{FBC8C36F-85F0-4036-8FE4-6FB707945E8A}.SingleImage|Any CPU.ActiveCfg = SingleImage
		{FBC8C36F-85F0-4036-8FE4-6FB707945E8A}.SingleImage|Any CPU.Build.0 = SingleImage
		{44B34561-A81C-4E77-857F-6BB2236DBFE1}.CD_ROM|Any CPU.ActiveCfg = CD_ROM
		{44B34561-A81C-4E77-857F-6BB2236DBFE1}.CD_ROM|Any CPU.Build.0 = CD_ROM
		{44B34561-A81C-4E77-857F-6BB2236DBFE1}.Debug|Any CPU.ActiveCfg = DVD-5
		{44B34561-A81C-4E77-857F-6BB2236DBFE1}.Debug|Any CPU.Build.0 = DVD-5
		{44B34561-A81C-4E77-857F-6BB2236DBFE1}.DVD-5|Any CPU.ActiveCfg = DVD-5
		{44B34561-A81C-4E77-857F-6BB2236DBFE1}.DVD-5|Any CPU.Build.0 = DVD-5
		{44B34561-A81C-4E77-857F-6BB2236DBFE1}.Release|Any CPU.ActiveCfg = SingleImage
		{44B34561-A81C-4E77-857F-6BB2236DBFE1}.Release|Any CPU.Build.0 = SingleImage
		{44B34561-A81C-4E77-857F-6BB2236DBFE1}.SingleImage|Any CPU.ActiveCfg = SingleImage
		{44B34561-A81C-4E77-857F-6BB2236DBFE1}.SingleImage|Any CPU.Build.0 = SingleImage
		{E318C6A6-DBAD-44EA-85F9-7AD653A1D547}.CD_ROM|Any CPU.ActiveCfg = CD_ROM
		{E318C6A6-DBAD-44EA-85F9-7AD653A1D547}.CD_ROM|Any CPU.Build.0 = CD_ROM
		{E318C6A6-DBAD-44EA-85F9-7AD653A1D547}.Debug|Any CPU.ActiveCfg = DVD-5
		{E318C6A6-DBAD-44EA-85F9-7AD653A1D547}.Debug|Any CPU.Build.0 = DVD-5
		{E318C6A6-DBAD-44EA-85F9-7AD653A1D547}.DVD-5|Any CPU.ActiveCfg = DVD-5
		{E318C6A6-DBAD-44EA-85F9-7AD653A1D547}.DVD-5|Any CPU.Build.0 = DVD-5
		{E318C6A6-DBAD-44EA-85F9-7AD653A1D547}.Release|Any CPU.ActiveCfg = SingleImage
		{E318C6A6-DBAD-44EA-85F9-7AD653A1D547}.Release|Any CPU.Build.0 = SingleImage
		{E318C6A6-DBAD-44EA-85F9-7AD653A1D547}.SingleImage|Any CPU.ActiveCfg = SingleImage
		{E318C6A6-DBAD-44EA-85F9-7AD653A1D547}.SingleImage|Any CPU.Build.0 = SingleImage
		{3C367791-3BEB-4E7B-8593-B229B0A2E548}.CD_ROM|Any CPU.ActiveCfg = CD_ROM
		{3C367791-3BEB-4E7B-8593-B229B0A2E548}.CD_ROM|Any CPU.Build.0 = CD_ROM
		{3C367791-3BEB-4E7B-8593-B229B0A2E548}.Debug|Any CPU.ActiveCfg = DVD-5
		{3C367791-3BEB-4E7B-8593-B229B0A2E548}.Debug|Any CPU.Build.0 = DVD-5
		{3C367791-3BEB-4E7B-8593-B229B0A2E548}.DVD-5|Any CPU.ActiveCfg = DVD-5
		{3C367791-3BEB-4E7B-8593-B229B0A2E548}.DVD-5|Any CPU.Build.0 = DVD-5
		{3C367791-3BEB-4E7B-8593-B229B0A2E548}.Release|Any CPU.ActiveCfg = SingleImage
		{3C367791-3BEB-4E7B-8593-B229B0A2E548}.Release|Any CPU.Build.0 = SingleImage
		{3C367791-3BEB-4E7B-8593-B229B0A2E548}.SingleImage|Any CPU.ActiveCfg = SingleImage
		{3C367791-3BEB-4E7B-8593-B229B0A2E548}.SingleImage|Any CPU.Build.0 = SingleImage
		{633CB6FC-5ABA-46E6-AE52-E5234AC194D9}.CD_ROM|Any CPU.ActiveCfg = CD_ROM
		{633CB6FC-5ABA-46E6-AE52-E5234AC194D9}.CD_ROM|Any CPU.Build.0 = CD_ROM
		{633CB6FC-5ABA-46E6-AE52-E5234AC194D9}.Debug|Any CPU.ActiveCfg = DVD-5
		{633CB6FC-5ABA-46E6-AE52-E5234AC194D9}.Debug|Any CPU.Build.0 = DVD-5
		{633CB6FC-5ABA-46E6-AE52-E5234AC194D9}.DVD-5|Any CPU.ActiveCfg = DVD-5
		{633CB6FC-5ABA-46E6-AE52-E5234AC194D9}.DVD-5|Any CPU.Build.0 = DVD-5
		{633CB6FC-5ABA-46E6-AE52-E5234AC194D9}.Release|Any CPU.ActiveCfg = SingleImage
		{633CB6FC-5ABA-46E6-AE52-E5234AC194D9}.Release|Any CPU.Build.0 = SingleImage
		{633CB6FC-5ABA-46E6-AE52-E5234AC194D9}.SingleImage|Any CPU.ActiveCfg = SingleImage
		{633CB6FC-5ABA-46E6-AE52-E5234AC194D9}.SingleImage|Any CPU.Build.0 = SingleImage
	EndGlobalSection
	GlobalSection(SolutionProperties) = preSolution
		HideSolutionNode = FALSE
	EndGlobalSection
EndGlobal
